
Microsoft Visual Studio Solution File, Format Version 12.00
# Visual Studio Version 17
VisualStudioVersion = 17.10.35013.160
MinimumVisualStudioVersion = 10.0.40219.1
Project("{FAE04EC0-301F-11D3-BF4B-00C04F79EFBC}") = "MauiAppMovies", "MauiAppMovies.csproj", "{7749E71A-21F4-438A-BF3A-96E3E43893C0}"
EndProject
Global
	GlobalSection(SolutionConfigurationPlatforms) = preSolution
		Debug|Any CPU = Debug|Any CPU
		Release|Any CPU = Release|Any CPU
	EndGlobalSection
	GlobalSection(ProjectConfigurationPlatforms) = postSolution
		{7749E71A-21F4-438A-BF3A-96E3E43893C0}.Debug|Any CPU.ActiveCfg = Debug|Any CPU
		{7749E71A-21F4-438A-BF3A-96E3E43893C0}.Debug|Any CPU.Build.0 = Debug|Any CPU
		{7749E71A-21F4-438A-BF3A-96E3E43893C0}.Debug|Any CPU.Deploy.0 = Debug|Any CPU
		{7749E71A-21F4-438A-BF3A-96E3E43893C0}.Release|Any CPU.ActiveCfg = Release|Any CPU
		{7749E71A-21F4-438A-BF3A-96E3E43893C0}.Release|Any CPU.Build.0 = Release|Any CPU
		{7749E71A-21F4-438A-BF3A-96E3E43893C0}.Release|Any CPU.Deploy.0 = Release|Any CPU
	EndGlobalSection
	GlobalSection(SolutionProperties) = preSolution
		HideSolutionNode = FALSE
	EndGlobalSection
	GlobalSection(ExtensibilityGlobals) = postSolution
		SolutionGuid = {DACBC419-B64D-4688-B006-52990D34C296}
	EndGlobalSection
EndGlobal
